
Microsoft Visual Studio Solution File, Format Version 12.00
# Visual Studio Version 17
VisualStudioVersion = 17.6.33829.357
MinimumVisualStudioVersion = 10.0.40219.1
Project("{9A19103F-16F7-4668-BE54-9A1E7A4F7556}") = "CHG.Extensions.Security.Txt", "src\CHG.Extensions.Security.Txt.csproj", "{84FEB7F6-A851-4AB6-AA0C-010F23BC6804}"
EndProject
Project("{9A19103F-16F7-4668-BE54-9A1E7A4F7556}") = "CHG.Extensions.Security.Txt.Tests", "tests\CHG.Extensions.Security.Txt.Tests\CHG.Extensions.Security.Txt.Tests.csproj", "{7BDE54F8-FC28-484D-811C-E559E92F7976}"
EndProject
Project("{9A19103F-16F7-4668-BE54-9A1E7A4F7556}") = "DemoWebApplication", "samples\DemoWebApplication\DemoWebApplication.csproj", "{3FEF71C2-52D6-46D4-AC08-9752D8BD3B12}"
EndProject
Project("{FAE04EC0-301F-11D3-BF4B-00C04F79EFBC}") = "CHG.Extensions.Security.Txt.IntegrationTests", "CHG.Extensions.Security.Txt.IntegrationTests\CHG.Extensions.Security.Txt.IntegrationTests.csproj", "{A5D90963-6B27-4A51-9F89-FD52A94D31F4}"
EndProject
Global
	GlobalSection(SolutionConfigurationPlatforms) = preSolution
		Debug|Any CPU = Debug|Any CPU
		Release|Any CPU = Release|Any CPU
	EndGlobalSection
	GlobalSection(ProjectConfigurationPlatforms) = postSolution
		{84FEB7F6-A851-4AB6-AA0C-010F23BC6804}.Debug|Any CPU.ActiveCfg = Debug|Any CPU
		{84FEB7F6-A851-4AB6-AA0C-010F23BC6804}.Debug|Any CPU.Build.0 = Debug|Any CPU
		{84FEB7F6-A851-4AB6-AA0C-010F23BC6804}.Release|Any CPU.ActiveCfg = Release|Any CPU
		{84FEB7F6-A851-4AB6-AA0C-010F23BC6804}.Release|Any CPU.Build.0 = Release|Any CPU
		{7BDE54F8-FC28-484D-811C-E559E92F7976}.Debug|Any CPU.ActiveCfg = Debug|Any CPU
		{7BDE54F8-FC28-484D-811C-E559E92F7976}.Debug|Any CPU.Build.0 = Debug|Any CPU
		{7BDE54F8-FC28-484D-811C-E559E92F7976}.Release|Any CPU.ActiveCfg = Release|Any CPU
		{7BDE54F8-FC28-484D-811C-E559E92F7976}.Release|Any CPU.Build.0 = Release|Any CPU
		{3FEF71C2-52D6-46D4-AC08-9752D8BD3B12}.Debug|Any CPU.ActiveCfg = Debug|Any CPU
		{3FEF71C2-52D6-46D4-AC08-9752D8BD3B12}.Debug|Any CPU.Build.0 = Debug|Any CPU
		{3FEF71C2-52D6-46D4-AC08-9752D8BD3B12}.Release|Any CPU.ActiveCfg = Release|Any CPU
		{3FEF71C2-52D6-46D4-AC08-9752D8BD3B12}.Release|Any CPU.Build.0 = Release|Any CPU
		{A5D90963-6B27-4A51-9F89-FD52A94D31F4}.Debug|Any CPU.ActiveCfg = Debug|Any CPU
		{A5D90963-6B27-4A51-9F89-FD52A94D31F4}.Debug|Any CPU.Build.0 = Debug|Any CPU
		{A5D90963-6B27-4A51-9F89-FD52A94D31F4}.Release|Any CPU.ActiveCfg = Release|Any CPU
		{A5D90963-6B27-4A51-9F89-FD52A94D31F4}.Release|Any CPU.Build.0 = Release|Any CPU
	EndGlobalSection
	GlobalSection(SolutionProperties) = preSolution
		HideSolutionNode = FALSE
	EndGlobalSection
	GlobalSection(ExtensibilityGlobals) = postSolution
		SolutionGuid = {50D0AD4E-AEF9-468C-AD46-71F8C472C9E6}
	EndGlobalSection
EndGlobal
