
Microsoft Visual Studio Solution File, Format Version 12.00
# Visual Studio 15
VisualStudioVersion = 15.0.27703.2035
MinimumVisualStudioVersion = 10.0.40219.1
Project("{9A19103F-16F7-4668-BE54-9A1E7A4F7556}") = "CHG.Extensions.Security.Txt", "src\CHG.Extensions.Security.Txt.csproj", "{7EDAC315-BB21-47EF-B302-8E4D0770AD3F}"
EndProject
Project("{FAE04EC0-301F-11D3-BF4B-00C04F79EFBC}") = "CHG.Extensions.Security.Txt.Tests", "tests\CHG.Extensions.Security.Txt.Tests\CHG.Extensions.Security.Txt.Tests.csproj", "{E0BC07DA-2160-4390-B29F-4ABC9218C96A}"
EndProject
Project("{FAE04EC0-301F-11D3-BF4B-00C04F79EFBC}") = "DemoWebApplication", "samples\DemoWebApplication\DemoWebApplication.csproj", "{B008E7C8-0E94-46E4-9CA1-D1C59BD31DFB}"
EndProject
Global
	GlobalSection(SolutionConfigurationPlatforms) = preSolution
		Debug|Any CPU = Debug|Any CPU
		Release|Any CPU = Release|Any CPU
	EndGlobalSection
	GlobalSection(ProjectConfigurationPlatforms) = postSolution
		{7EDAC315-BB21-47EF-B302-8E4D0770AD3F}.Debug|Any CPU.ActiveCfg = Debug|Any CPU
		{7EDAC315-BB21-47EF-B302-8E4D0770AD3F}.Debug|Any CPU.Build.0 = Debug|Any CPU
		{7EDAC315-BB21-47EF-B302-8E4D0770AD3F}.Release|Any CPU.ActiveCfg = Release|Any CPU
		{7EDAC315-BB21-47EF-B302-8E4D0770AD3F}.Release|Any CPU.Build.0 = Release|Any CPU
		{E0BC07DA-2160-4390-B29F-4ABC9218C96A}.Debug|Any CPU.ActiveCfg = Debug|Any CPU
		{E0BC07DA-2160-4390-B29F-4ABC9218C96A}.Debug|Any CPU.Build.0 = Debug|Any CPU
		{E0BC07DA-2160-4390-B29F-4ABC9218C96A}.Release|Any CPU.ActiveCfg = Release|Any CPU
		{E0BC07DA-2160-4390-B29F-4ABC9218C96A}.Release|Any CPU.Build.0 = Release|Any CPU
		{B008E7C8-0E94-46E4-9CA1-D1C59BD31DFB}.Debug|Any CPU.ActiveCfg = Debug|Any CPU
		{B008E7C8-0E94-46E4-9CA1-D1C59BD31DFB}.Debug|Any CPU.Build.0 = Debug|Any CPU
		{B008E7C8-0E94-46E4-9CA1-D1C59BD31DFB}.Release|Any CPU.ActiveCfg = Release|Any CPU
		{B008E7C8-0E94-46E4-9CA1-D1C59BD31DFB}.Release|Any CPU.Build.0 = Release|Any CPU
	EndGlobalSection
	GlobalSection(SolutionProperties) = preSolution
		HideSolutionNode = FALSE
	EndGlobalSection
	GlobalSection(ExtensibilityGlobals) = postSolution
		SolutionGuid = {50D0AD4E-AEF9-468C-AD46-71F8C472C9E6}
	EndGlobalSection
EndGlobal
